
Microsoft Visual Studio Solution File, Format Version 12.00
# Visual Studio Version 17
VisualStudioVersion = 17.0.31903.59
MinimumVisualStudioVersion = 10.0.40219.1
Project("{FAE04EC0-301F-11D3-BF4B-00C04F79EFBC}") = "DB", "DB\DB.csproj", "{BD374853-2E05-47FB-9C46-1BEAF1DB408A}"
EndProject
Project("{FAE04EC0-301F-11D3-BF4B-00C04F79EFBC}") = "Helper", "Helper\Helper.csproj", "{6DE198A3-BF51-45EE-BB47-0DB8CBD8F17E}"
EndProject
Project("{FAE04EC0-301F-11D3-BF4B-00C04F79EFBC}") = "Tests", "Tests\Tests.csproj", "{4A07DB16-4CB5-47CD-A603-C07DADFB55D8}"
EndProject
Global
	GlobalSection(SolutionProperties) = preSolution
		HideSolutionNode = FALSE
	EndGlobalSection
	GlobalSection(SolutionConfigurationPlatforms) = preSolution
		Debug|Any CPU = Debug|Any CPU
		Debug|x64 = Debug|x64
		Debug|x86 = Debug|x86
		Release|Any CPU = Release|Any CPU
		Release|x64 = Release|x64
		Release|x86 = Release|x86
	EndGlobalSection
	GlobalSection(ProjectConfigurationPlatforms) = postSolution
		{BD374853-2E05-47FB-9C46-1BEAF1DB408A}.Debug|Any CPU.ActiveCfg = Debug|Any CPU
		{BD374853-2E05-47FB-9C46-1BEAF1DB408A}.Debug|Any CPU.Build.0 = Debug|Any CPU
		{BD374853-2E05-47FB-9C46-1BEAF1DB408A}.Debug|x64.ActiveCfg = Debug|Any CPU
		{BD374853-2E05-47FB-9C46-1BEAF1DB408A}.Debug|x64.Build.0 = Debug|Any CPU
		{BD374853-2E05-47FB-9C46-1BEAF1DB408A}.Debug|x86.ActiveCfg = Debug|Any CPU
		{BD374853-2E05-47FB-9C46-1BEAF1DB408A}.Debug|x86.Build.0 = Debug|Any CPU
		{BD374853-2E05-47FB-9C46-1BEAF1DB408A}.Release|Any CPU.ActiveCfg = Release|Any CPU
		{BD374853-2E05-47FB-9C46-1BEAF1DB408A}.Release|Any CPU.Build.0 = Release|Any CPU
		{BD374853-2E05-47FB-9C46-1BEAF1DB408A}.Release|x64.ActiveCfg = Release|Any CPU
		{BD374853-2E05-47FB-9C46-1BEAF1DB408A}.Release|x64.Build.0 = Release|Any CPU
		{BD374853-2E05-47FB-9C46-1BEAF1DB408A}.Release|x86.ActiveCfg = Release|Any CPU
		{BD374853-2E05-47FB-9C46-1BEAF1DB408A}.Release|x86.Build.0 = Release|Any CPU
		{6DE198A3-BF51-45EE-BB47-0DB8CBD8F17E}.Debug|Any CPU.ActiveCfg = Debug|Any CPU
		{6DE198A3-BF51-45EE-BB47-0DB8CBD8F17E}.Debug|Any CPU.Build.0 = Debug|Any CPU
		{6DE198A3-BF51-45EE-BB47-0DB8CBD8F17E}.Debug|x64.ActiveCfg = Debug|Any CPU
		{6DE198A3-BF51-45EE-BB47-0DB8CBD8F17E}.Debug|x64.Build.0 = Debug|Any CPU
		{6DE198A3-BF51-45EE-BB47-0DB8CBD8F17E}.Debug|x86.ActiveCfg = Debug|Any CPU
		{6DE198A3-BF51-45EE-BB47-0DB8CBD8F17E}.Debug|x86.Build.0 = Debug|Any CPU
		{6DE198A3-BF51-45EE-BB47-0DB8CBD8F17E}.Release|Any CPU.ActiveCfg = Release|Any CPU
		{6DE198A3-BF51-45EE-BB47-0DB8CBD8F17E}.Release|Any CPU.Build.0 = Release|Any CPU
		{6DE198A3-BF51-45EE-BB47-0DB8CBD8F17E}.Release|x64.ActiveCfg = Release|Any CPU
		{6DE198A3-BF51-45EE-BB47-0DB8CBD8F17E}.Release|x64.Build.0 = Release|Any CPU
		{6DE198A3-BF51-45EE-BB47-0DB8CBD8F17E}.Release|x86.ActiveCfg = Release|Any CPU
		{6DE198A3-BF51-45EE-BB47-0DB8CBD8F17E}.Release|x86.Build.0 = Release|Any CPU
		{4A07DB16-4CB5-47CD-A603-C07DADFB55D8}.Debug|Any CPU.ActiveCfg = Debug|Any CPU
		{4A07DB16-4CB5-47CD-A603-C07DADFB55D8}.Debug|Any CPU.Build.0 = Debug|Any CPU
		{4A07DB16-4CB5-47CD-A603-C07DADFB55D8}.Debug|x64.ActiveCfg = Debug|Any CPU
		{4A07DB16-4CB5-47CD-A603-C07DADFB55D8}.Debug|x64.Build.0 = Debug|Any CPU
		{4A07DB16-4CB5-47CD-A603-C07DADFB55D8}.Debug|x86.ActiveCfg = Debug|Any CPU
		{4A07DB16-4CB5-47CD-A603-C07DADFB55D8}.Debug|x86.Build.0 = Debug|Any CPU
		{4A07DB16-4CB5-47CD-A603-C07DADFB55D8}.Release|Any CPU.ActiveCfg = Release|Any CPU
		{4A07DB16-4CB5-47CD-A603-C07DADFB55D8}.Release|Any CPU.Build.0 = Release|Any CPU
		{4A07DB16-4CB5-47CD-A603-C07DADFB55D8}.Release|x64.ActiveCfg = Release|Any CPU
		{4A07DB16-4CB5-47CD-A603-C07DADFB55D8}.Release|x64.Build.0 = Release|Any CPU
		{4A07DB16-4CB5-47CD-A603-C07DADFB55D8}.Release|x86.ActiveCfg = Release|Any CPU
		{4A07DB16-4CB5-47CD-A603-C07DADFB55D8}.Release|x86.Build.0 = Release|Any CPU
	EndGlobalSection
EndGlobal
